Microsoft Visual Studio Solution File, Format Version 12.00
# Visual Studio Version 17
VisualStudioVersion = 17.5.2.0
MinimumVisualStudioVersion = 10.0.40219.1
Project("{2150E333-8FDC-42A3-9474-1A3956D46DE8}") = "Play.Catalog", "Play.Catalog", "{FA129AF9-625B-5B11-3AF1-0DECFEB3AD97}"
EndProject
Project("{2150E333-8FDC-42A3-9474-1A3956D46DE8}") = "Play.Common", "Play.Common", "{65C95BED-1929-6C67-0337-3C3F4DB5AF05}"
EndProject
Project("{2150E333-8FDC-42A3-9474-1A3956D46DE8}") = "src", "src", "{15EAAEE7-789E-3E83-4BDE-242EF0D20779}"
EndProject
Project("{FAE04EC0-301F-11D3-BF4B-00C04F79EFBC}") = "Play.Catalog.Service", "Play.Catalog\src\Play.Catalog.Service\Play.Catalog.Service.csproj", "{07303464-CD93-F65C-9EA8-968ED0AD2673}"
EndProject
Project("{2150E333-8FDC-42A3-9474-1A3956D46DE8}") = "src", "src", "{65F2E086-5DD4-3A8C-DD52-69083388CC93}"
EndProject
Project("{FAE04EC0-301F-11D3-BF4B-00C04F79EFBC}") = "Play.Common", "Play.Common\src\Play.Common\Play.Common.csproj", "{0C336992-82E3-D7C3-4F30-1B4A65958874}"
EndProject
Project("{2150E333-8FDC-42A3-9474-1A3956D46DE8}") = "Play.Inventory", "Play.Inventory", "{8882E185-C0B2-4566-8582-79028618CEE1}"
EndProject
Project("{2150E333-8FDC-42A3-9474-1A3956D46DE8}") = "src", "src", "{D7FFFDDD-F377-47A3-963D-018F3F418400}"
EndProject
Project("{FAE04EC0-301F-11D3-BF4B-00C04F79EFBC}") = "Play.Inventory.Service", "Play.Inventory\src\Play.Inventory.Service\Play.Inventory.Service.csproj", "{7207F794-18A3-4F43-8B6A-46F0950B1050}"
EndProject
Global
	GlobalSection(SolutionConfigurationPlatforms) = preSolution
		Debug|Any CPU = Debug|Any CPU
		Release|Any CPU = Release|Any CPU
	EndGlobalSection
	GlobalSection(ProjectConfigurationPlatforms) = postSolution
		{07303464-CD93-F65C-9EA8-968ED0AD2673}.Debug|Any CPU.ActiveCfg = Debug|Any CPU
		{07303464-CD93-F65C-9EA8-968ED0AD2673}.Debug|Any CPU.Build.0 = Debug|Any CPU
		{07303464-CD93-F65C-9EA8-968ED0AD2673}.Release|Any CPU.ActiveCfg = Release|Any CPU
		{07303464-CD93-F65C-9EA8-968ED0AD2673}.Release|Any CPU.Build.0 = Release|Any CPU
		{0C336992-82E3-D7C3-4F30-1B4A65958874}.Debug|Any CPU.ActiveCfg = Debug|Any CPU
		{0C336992-82E3-D7C3-4F30-1B4A65958874}.Debug|Any CPU.Build.0 = Debug|Any CPU
		{0C336992-82E3-D7C3-4F30-1B4A65958874}.Release|Any CPU.ActiveCfg = Release|Any CPU
		{0C336992-82E3-D7C3-4F30-1B4A65958874}.Release|Any CPU.Build.0 = Release|Any CPU
		{7207F794-18A3-4F43-8B6A-46F0950B1050}.Debug|Any CPU.ActiveCfg = Debug|Any CPU
		{7207F794-18A3-4F43-8B6A-46F0950B1050}.Debug|Any CPU.Build.0 = Debug|Any CPU
		{7207F794-18A3-4F43-8B6A-46F0950B1050}.Release|Any CPU.ActiveCfg = Release|Any CPU
		{7207F794-18A3-4F43-8B6A-46F0950B1050}.Release|Any CPU.Build.0 = Release|Any CPU
	EndGlobalSection
	GlobalSection(SolutionProperties) = preSolution
		HideSolutionNode = FALSE
	EndGlobalSection
	GlobalSection(NestedProjects) = preSolution
		{15EAAEE7-789E-3E83-4BDE-242EF0D20779} = {FA129AF9-625B-5B11-3AF1-0DECFEB3AD97}
		{07303464-CD93-F65C-9EA8-968ED0AD2673} = {15EAAEE7-789E-3E83-4BDE-242EF0D20779}
		{65F2E086-5DD4-3A8C-DD52-69083388CC93} = {65C95BED-1929-6C67-0337-3C3F4DB5AF05}
		{0C336992-82E3-D7C3-4F30-1B4A65958874} = {65F2E086-5DD4-3A8C-DD52-69083388CC93}
		{D7FFFDDD-F377-47A3-963D-018F3F418400} = {8882E185-C0B2-4566-8582-79028618CEE1}
		{7207F794-18A3-4F43-8B6A-46F0950B1050} = {D7FFFDDD-F377-47A3-963D-018F3F418400}
	EndGlobalSection
	GlobalSection(ExtensibilityGlobals) = postSolution
		SolutionGuid = {571FCE91-1248-4C98-8AEB-976B906A47B3}
	EndGlobalSection
EndGlobal
